// !$*UTF8*$!
{
	archiveVersion = 1;
	classes = {
	};
	objectVersion = 56;
	objects = {

/* Begin PBXBuildFile section */
		B58FE9FF29CBDD2E00B1488A /* WhatsDishApp.swift in Sources */ = {isa = PBXBuildFile; fileRef = B58FE9FE29CBDD2E00B1488A /* WhatsDishApp.swift */; };
		B58FEA0129CBDD2E00B1488A /* ContentView.swift in Sources */ = {isa = PBXBuildFile; fileRef = B58FEA0029CBDD2E00B1488A /* ContentView.swift */; };
		B58FEA0329CBDD2F00B1488A /* Assets.xcassets in Resources */ = {isa = PBXBuildFile; fileRef = B58FEA0229CBDD2F00B1488A /* Assets.xcassets */; };
		B58FEA0629CBDD2F00B1488A /* Preview Assets.xcassets in Resources */ = {isa = PBXBuildFile; fileRef = B58FEA0529CBDD2F00B1488A /* Preview Assets.xcassets */; };
		B58FEA0E29CBE17E00B1488A /* AddMealView.swift in Sources */ = {isa = PBXBuildFile; fileRef = B58FEA0D29CBE17E00B1488A /* AddMealView.swift */; };
		B58FEA1329CBE3B400B1488A /* MealListView.swift in Sources */ = {isa = PBXBuildFile; fileRef = B58FEA1229CBE3B400B1488A /* MealListView.swift */; };
		B58FEA1529CBE50000B1488A /* MealSuggestionView.swift in Sources */ = {isa = PBXBuildFile; fileRef = B58FEA1429CBE50000B1488A /* MealSuggestionView.swift */; };
		B58FEA1829CBE9F700B1488A /* CoreData.framework in Frameworks */ = {isa = PBXBuildFile; fileRef = B58FEA1729CBE9F700B1488A /* CoreData.framework */; };
		B58FEA1C29CBF1C600B1488A /* WhatsDish.xcdatamodeld in Sources */ = {isa = PBXBuildFile; fileRef = B58FEA1A29CBF1C600B1488A /* WhatsDish.xcdatamodeld */; };
		B58FEA2629CBFC3700B1488A /* CoreDataController.swift in Sources */ = {isa = PBXBuildFile; fileRef = B58FEA2529CBFC3700B1488A /* CoreDataController.swift */; };
		B58FEA2B29CC22DC00B1488A /* OpenAIService.swift in Sources */ = {isa = PBXBuildFile; fileRef = B58FEA2A29CC22DC00B1488A /* OpenAIService.swift */; };
		B58FEA2D29CD3CE100B1488A /* IngredientListView.swift in Sources */ = {isa = PBXBuildFile; fileRef = B58FEA2C29CD3CE100B1488A /* IngredientListView.swift */; };
		B58FEA2F29CD3CF400B1488A /* AddIngredientView.swift in Sources */ = {isa = PBXBuildFile; fileRef = B58FEA2E29CD3CF400B1488A /* AddIngredientView.swift */; };
		B58FEA3129CD56F200B1488A /* StringExtension.swift in Sources */ = {isa = PBXBuildFile; fileRef = B58FEA3029CD56F200B1488A /* StringExtension.swift */; };
		B58FEA3329CD710400B1488A /* RegularExpression.swift in Sources */ = {isa = PBXBuildFile; fileRef = B58FEA3229CD710400B1488A /* RegularExpression.swift */; };
		B58FEA3B29CD725B00B1488A /* WhatsDishTests.swift in Sources */ = {isa = PBXBuildFile; fileRef = B58FEA3A29CD725B00B1488A /* WhatsDishTests.swift */; };
		B58FEA4229CD72AC00B1488A /* RegularExpressionServiceTests.swift in Sources */ = {isa = PBXBuildFile; fileRef = B58FEA4129CD72AC00B1488A /* RegularExpressionServiceTests.swift */; };
		B58FEA4429CD7E4C00B1488A /* RecipeDetailView.swift in Sources */ = {isa = PBXBuildFile; fileRef = B58FEA4329CD7E4C00B1488A /* RecipeDetailView.swift */; };
		B58FEA4629CD7F4300B1488A /* Recipe.swift in Sources */ = {isa = PBXBuildFile; fileRef = B58FEA4529CD7F4300B1488A /* Recipe.swift */; };
		B58FEA4829CD98FF00B1488A /* Secrets.plist in Resources */ = {isa = PBXBuildFile; fileRef = B58FEA4729CD98FF00B1488A /* Secrets.plist */; };
		B58FEA4A29CD99C900B1488A /* Secrets.swift in Sources */ = {isa = PBXBuildFile; fileRef = B58FEA4929CD99C900B1488A /* Secrets.swift */; };
		B58FEA4C29CDE2B300B1488A /* RecipeListView.swift in Sources */ = {isa = PBXBuildFile; fileRef = B58FEA4B29CDE2B300B1488A /* RecipeListView.swift */; };
		B58FEA4E29CDEBEB00B1488A /* BookmarkListView.swift in Sources */ = {isa = PBXBuildFile; fileRef = B58FEA4D29CDEBEB00B1488A /* BookmarkListView.swift */; };
/* End PBXBuildFile section */

/* Begin PBXContainerItemProxy section */
		B58FEA3C29CD725B00B1488A /* PBXContainerItemProxy */ = {
			isa = PBXContainerItemProxy;
			containerPortal = B58FE9F329CBDD2E00B1488A /* Project object */;
			proxyType = 1;
			remoteGlobalIDString = B58FE9FA29CBDD2E00B1488A;
			remoteInfo = WhatsDish;
		};
/* End PBXContainerItemProxy section */

/* Begin PBXFileReference section */
		B58FE9FB29CBDD2E00B1488A /* WhatsDish.app */ = {isa = PBXFileReference; explicitFileType = wrapper.application; includeInIndex = 0; path = WhatsDish.app; sourceTree = BUILT_PRODUCTS_DIR; };
		B58FE9FE29CBDD2E00B1488A /* WhatsDishApp.swift */ = {isa = PBXFileReference; lastKnownFileType = sourcecode.swift; path = WhatsDishApp.swift; sourceTree = "<group>"; };
		B58FEA0029CBDD2E00B1488A /* ContentView.swift */ = {isa = PBXFileReference; lastKnownFileType = sourcecode.swift; path = ContentView.swift; sourceTree = "<group>"; };
		B58FEA0229CBDD2F00B1488A /* Assets.xcassets */ = {isa = PBXFileReference; lastKnownFileType = folder.assetcatalog; path = Assets.xcassets; sourceTree = "<group>"; };
		B58FEA0529CBDD2F00B1488A /* Preview Assets.xcassets */ = {isa = PBXFileReference; lastKnownFileType = folder.assetcatalog; path = "Preview Assets.xcassets"; sourceTree = "<group>"; };
		B58FEA0D29CBE17E00B1488A /* AddMealView.swift */ = {isa = PBXFileReference; lastKnownFileType = sourcecode.swift; path = AddMealView.swift; sourceTree = "<group>"; };
		B58FEA1229CBE3B400B1488A /* MealListView.swift */ = {isa = PBXFileReference; lastKnownFileType = sourcecode.swift; path = MealListView.swift; sourceTree = "<group>"; };
		B58FEA1429CBE50000B1488A /* MealSuggestionView.swift */ = {isa = PBXFileReference; lastKnownFileType = sourcecode.swift; path = MealSuggestionView.swift; sourceTree = "<group>"; };
		B58FEA1729CBE9F700B1488A /* CoreData.framework */ = {isa = PBXFileReference; lastKnownFileType = wrapper.framework; name = CoreData.framework; path = System/Library/Frameworks/CoreData.framework; sourceTree = SDKROOT; };
		B58FEA1B29CBF1C600B1488A /* Model.xcdatamodel */ = {isa = PBXFileReference; lastKnownFileType = wrapper.xcdatamodel; path = Model.xcdatamodel; sourceTree = "<group>"; };
		B58FEA2529CBFC3700B1488A /* CoreDataController.swift */ = {isa = PBXFileReference; lastKnownFileType = sourcecode.swift; path = CoreDataController.swift; sourceTree = "<group>"; };
		B58FEA2A29CC22DC00B1488A /* OpenAIService.swift */ = {isa = PBXFileReference; lastKnownFileType = sourcecode.swift; path = OpenAIService.swift; sourceTree = "<group>"; };
		B58FEA2C29CD3CE100B1488A /* IngredientListView.swift */ = {isa = PBXFileReference; lastKnownFileType = sourcecode.swift; path = IngredientListView.swift; sourceTree = "<group>"; };
		B58FEA2E29CD3CF400B1488A /* AddIngredientView.swift */ = {isa = PBXFileReference; lastKnownFileType = sourcecode.swift; path = AddIngredientView.swift; sourceTree = "<group>"; };
		B58FEA3029CD56F200B1488A /* StringExtension.swift */ = {isa = PBXFileReference; lastKnownFileType = sourcecode.swift; path = StringExtension.swift; sourceTree = "<group>"; };
		B58FEA3229CD710400B1488A /* RegularExpression.swift */ = {isa = PBXFileReference; lastKnownFileType = sourcecode.swift; path = RegularExpression.swift; sourceTree = "<group>"; };
		B58FEA3829CD725B00B1488A /* WhatsDishTests.xctest */ = {isa = PBXFileReference; explicitFileType = wrapper.cfbundle; includeInIndex = 0; path = WhatsDishTests.xctest; sourceTree = BUILT_PRODUCTS_DIR; };
		B58FEA3A29CD725B00B1488A /* WhatsDishTests.swift */ = {isa = PBXFileReference; lastKnownFileType = sourcecode.swift; path = WhatsDishTests.swift; sourceTree = "<group>"; };
		B58FEA4129CD72AC00B1488A /* RegularExpressionServiceTests.swift */ = {isa = PBXFileReference; lastKnownFileType = sourcecode.swift; path = RegularExpressionServiceTests.swift; sourceTree = "<group>"; };
		B58FEA4329CD7E4C00B1488A /* RecipeDetailView.swift */ = {isa = PBXFileReference; lastKnownFileType = sourcecode.swift; path = RecipeDetailView.swift; sourceTree = "<group>"; };
		B58FEA4529CD7F4300B1488A /* Recipe.swift */ = {isa = PBXFileReference; lastKnownFileType = sourcecode.swift; path = Recipe.swift; sourceTree = "<group>"; };
		B58FEA4729CD98FF00B1488A /* Secrets.plist */ = {isa = PBXFileReference; lastKnownFileType = text.plist.xml; path = Secrets.plist; sourceTree = "<group>"; };
		B58FEA4929CD99C900B1488A /* Secrets.swift */ = {isa = PBXFileReference; lastKnownFileType = sourcecode.swift; path = Secrets.swift; sourceTree = "<group>"; };
		B58FEA4B29CDE2B300B1488A /* RecipeListView.swift */ = {isa = PBXFileReference; lastKnownFileType = sourcecode.swift; path = RecipeListView.swift; sourceTree = "<group>"; };
		B58FEA4D29CDEBEB00B1488A /* BookmarkListView.swift */ = {isa = PBXFileReference; lastKnownFileType = sourcecode.swift; path = BookmarkListView.swift; sourceTree = "<group>"; };
/* End PBXFileReference section */

/* Begin PBXFrameworksBuildPhase section */
		B58FE9F829CBDD2E00B1488A /* Frameworks */ = {
			isa = PBXFrameworksBuildPhase;
			buildActionMask = 2147483647;
			files = (
				B58FEA1829CBE9F700B1488A /* CoreData.framework in Frameworks */,
			);
			runOnlyForDeploymentPostprocessing = 0;
		};
		B58FEA3529CD725B00B1488A /* Frameworks */ = {
			isa = PBXFrameworksBuildPhase;
			buildActionMask = 2147483647;
			files = (
			);
			runOnlyForDeploymentPostprocessing = 0;
		};
/* End PBXFrameworksBuildPhase section */

/* Begin PBXGroup section */
		B58FE9F229CBDD2E00B1488A = {
			isa = PBXGroup;
			children = (
				B58FEA4729CD98FF00B1488A /* Secrets.plist */,
				B58FE9FD29CBDD2E00B1488A /* WhatsDish */,
				B58FEA3929CD725B00B1488A /* WhatsDishTests */,
				B58FE9FC29CBDD2E00B1488A /* Products */,
				B58FEA1629CBE9F700B1488A /* Frameworks */,
			);
			sourceTree = "<group>";
		};
		B58FE9FC29CBDD2E00B1488A /* Products */ = {
			isa = PBXGroup;
			children = (
				B58FE9FB29CBDD2E00B1488A /* WhatsDish.app */,
				B58FEA3829CD725B00B1488A /* WhatsDishTests.xctest */,
			);
			name = Products;
			sourceTree = "<group>";
		};
		B58FE9FD29CBDD2E00B1488A /* WhatsDish */ = {
			isa = PBXGroup;
			children = (
				B58FEA2929CC22C700B1488A /* Service */,
				B58FEA1929CBF1AC00B1488A /* CoreData */,
				B58FEA0F29CBE2EA00B1488A /* DomainModel */,
				B58FEA0C29CBE17000B1488A /* View */,
				B58FE9FE29CBDD2E00B1488A /* WhatsDishApp.swift */,
				B58FEA0029CBDD2E00B1488A /* ContentView.swift */,
				B58FEA0229CBDD2F00B1488A /* Assets.xcassets */,
				B58FEA0429CBDD2F00B1488A /* Preview Content */,
				B58FEA3029CD56F200B1488A /* StringExtension.swift */,
			);
			path = WhatsDish;
			sourceTree = "<group>";
		};
		B58FEA0429CBDD2F00B1488A /* Preview Content */ = {
			isa = PBXGroup;
			children = (
				B58FEA0529CBDD2F00B1488A /* Preview Assets.xcassets */,
			);
			path = "Preview Content";
			sourceTree = "<group>";
		};
		B58FEA0C29CBE17000B1488A /* View */ = {
			isa = PBXGroup;
			children = (
				B58FEA0D29CBE17E00B1488A /* AddMealView.swift */,
				B58FEA4D29CDEBEB00B1488A /* BookmarkListView.swift */,
				B58FEA4329CD7E4C00B1488A /* RecipeDetailView.swift */,
				B58FEA1229CBE3B400B1488A /* MealListView.swift */,
				B58FEA1429CBE50000B1488A /* MealSuggestionView.swift */,
				B58FEA4B29CDE2B300B1488A /* RecipeListView.swift */,
				B58FEA2C29CD3CE100B1488A /* IngredientListView.swift */,
				B58FEA2E29CD3CF400B1488A /* AddIngredientView.swift */,
			);
			path = View;
			sourceTree = "<group>";
		};
		B58FEA0F29CBE2EA00B1488A /* DomainModel */ = {
			isa = PBXGroup;
			children = (
				B58FEA4529CD7F4300B1488A /* Recipe.swift */,
			);
			path = DomainModel;
			sourceTree = "<group>";
		};
		B58FEA1629CBE9F700B1488A /* Frameworks */ = {
			isa = PBXGroup;
			children = (
				B58FEA1729CBE9F700B1488A /* CoreData.framework */,
			);
			name = Frameworks;
			sourceTree = "<group>";
		};
		B58FEA1929CBF1AC00B1488A /* CoreData */ = {
			isa = PBXGroup;
			children = (
				B58FEA1A29CBF1C600B1488A /* WhatsDish.xcdatamodeld */,
				B58FEA2529CBFC3700B1488A /* CoreDataController.swift */,
			);
			path = CoreData;
			sourceTree = "<group>";
		};
		B58FEA2929CC22C700B1488A /* Service */ = {
			isa = PBXGroup;
			children = (
				B58FEA2A29CC22DC00B1488A /* OpenAIService.swift */,
				B58FEA4929CD99C900B1488A /* Secrets.swift */,
				B58FEA3229CD710400B1488A /* RegularExpression.swift */,
			);
			path = Service;
			sourceTree = "<group>";
		};
		B58FEA3929CD725B00B1488A /* WhatsDishTests */ = {
			isa = PBXGroup;
			children = (
				B58FEA3A29CD725B00B1488A /* WhatsDishTests.swift */,
				B58FEA4129CD72AC00B1488A /* RegularExpressionServiceTests.swift */,
			);
			path = WhatsDishTests;
			sourceTree = "<group>";
		};
/* End PBXGroup section */

/* Begin PBXNativeTarget section */
		B58FE9FA29CBDD2E00B1488A /* WhatsDish */ = {
			isa = PBXNativeTarget;
			buildConfigurationList = B58FEA0929CBDD2F00B1488A /* Build configuration list for PBXNativeTarget "WhatsDish" */;
			buildPhases = (
				B58FE9F729CBDD2E00B1488A /* Sources */,
				B58FE9F829CBDD2E00B1488A /* Frameworks */,
				B58FE9F929CBDD2E00B1488A /* Resources */,
			);
			buildRules = (
			);
			dependencies = (
			);
			name = WhatsDish;
			productName = WhatsDish;
			productReference = B58FE9FB29CBDD2E00B1488A /* WhatsDish.app */;
			productType = "com.apple.product-type.application";
		};
		B58FEA3729CD725B00B1488A /* WhatsDishTests */ = {
			isa = PBXNativeTarget;
			buildConfigurationList = B58FEA3E29CD725B00B1488A /* Build configuration list for PBXNativeTarget "WhatsDishTests" */;
			buildPhases = (
				B58FEA3429CD725B00B1488A /* Sources */,
				B58FEA3529CD725B00B1488A /* Frameworks */,
				B58FEA3629CD725B00B1488A /* Resources */,
			);
			buildRules = (
			);
			dependencies = (
				B58FEA3D29CD725B00B1488A /* PBXTargetDependency */,
			);
			name = WhatsDishTests;
			productName = WhatsDishTests;
			productReference = B58FEA3829CD725B00B1488A /* WhatsDishTests.xctest */;
			productType = "com.apple.product-type.bundle.unit-test";
		};
/* End PBXNativeTarget section */

/* Begin PBXProject section */
		B58FE9F329CBDD2E00B1488A /* Project object */ = {
			isa = PBXProject;
			attributes = {
				BuildIndependentTargetsInParallel = 1;
				LastSwiftUpdateCheck = 1420;
				LastUpgradeCheck = 1420;
				TargetAttributes = {
					B58FE9FA29CBDD2E00B1488A = {
						CreatedOnToolsVersion = 14.2;
					};
					B58FEA3729CD725B00B1488A = {
						CreatedOnToolsVersion = 14.2;
						TestTargetID = B58FE9FA29CBDD2E00B1488A;
					};
				};
			};
			buildConfigurationList = B58FE9F629CBDD2E00B1488A /* Build configuration list for PBXProject "WhatsDish" */;
			compatibilityVersion = "Xcode 14.0";
			developmentRegion = en;
			hasScannedForEncodings = 0;
			knownRegions = (
				en,
				Base,
			);
			mainGroup = B58FE9F229CBDD2E00B1488A;
			productRefGroup = B58FE9FC29CBDD2E00B1488A /* Products */;
			projectDirPath = "";
			projectRoot = "";
			targets = (
				B58FE9FA29CBDD2E00B1488A /* WhatsDish */,
				B58FEA3729CD725B00B1488A /* WhatsDishTests */,
			);
		};
/* End PBXProject section */

/* Begin PBXResourcesBuildPhase section */
		B58FE9F929CBDD2E00B1488A /* Resources */ = {
			isa = PBXResourcesBuildPhase;
			buildActionMask = 2147483647;
			files = (
				B58FEA0629CBDD2F00B1488A /* Preview Assets.xcassets in Resources */,
				B58FEA4829CD98FF00B1488A /* Secrets.plist in Resources */,
				B58FEA0329CBDD2F00B1488A /* Assets.xcassets in Resources */,
			);
			runOnlyForDeploymentPostprocessing = 0;
		};
		B58FEA3629CD725B00B1488A /* Resources */ = {
			isa = PBXResourcesBuildPhase;
			buildActionMask = 2147483647;
			files = (
			);
			runOnlyForDeploymentPostprocessing = 0;
		};
/* End PBXResourcesBuildPhase section */

/* Begin PBXSourcesBuildPhase section */
		B58FE9F729CBDD2E00B1488A /* Sources */ = {
			isa = PBXSourcesBuildPhase;
			buildActionMask = 2147483647;
			files = (
				B58FEA4E29CDEBEB00B1488A /* BookmarkListView.swift in Sources */,
				B58FEA1529CBE50000B1488A /* MealSuggestionView.swift in Sources */,
				B58FEA4A29CD99C900B1488A /* Secrets.swift in Sources */,
				B58FEA2629CBFC3700B1488A /* CoreDataController.swift in Sources */,
				B58FEA4429CD7E4C00B1488A /* RecipeDetailView.swift in Sources */,
				B58FEA0129CBDD2E00B1488A /* ContentView.swift in Sources */,
				B58FEA1C29CBF1C600B1488A /* WhatsDish.xcdatamodeld in Sources */,
				B58FEA2B29CC22DC00B1488A /* OpenAIService.swift in Sources */,
				B58FEA2F29CD3CF400B1488A /* AddIngredientView.swift in Sources */,
				B58FEA1329CBE3B400B1488A /* MealListView.swift in Sources */,
				B58FEA0E29CBE17E00B1488A /* AddMealView.swift in Sources */,
				B58FEA4629CD7F4300B1488A /* Recipe.swift in Sources */,
				B58FEA3329CD710400B1488A /* RegularExpression.swift in Sources */,
				B58FE9FF29CBDD2E00B1488A /* WhatsDishApp.swift in Sources */,
				B58FEA3129CD56F200B1488A /* StringExtension.swift in Sources */,
				B58FEA4C29CDE2B300B1488A /* RecipeListView.swift in Sources */,
				B58FEA2D29CD3CE100B1488A /* IngredientListView.swift in Sources */,
			);
			runOnlyForDeploymentPostprocessing = 0;
		};
		B58FEA3429CD725B00B1488A /* Sources */ = {
			isa = PBXSourcesBuildPhase;
			buildActionMask = 2147483647;
			files = (
				B58FEA4229CD72AC00B1488A /* RegularExpressionServiceTests.swift in Sources */,
				B58FEA3B29CD725B00B1488A /* WhatsDishTests.swift in Sources */,
			);
			runOnlyForDeploymentPostprocessing = 0;
		};
/* End PBXSourcesBuildPhase section */

/* Begin PBXTargetDependency section */
		B58FEA3D29CD725B00B1488A /* PBXTargetDependency */ = {
			isa = PBXTargetDependency;
			target = B58FE9FA29CBDD2E00B1488A /* WhatsDish */;
			targetProxy = B58FEA3C29CD725B00B1488A /* PBXContainerItemProxy */;
		};
/* End PBXTargetDependency section */

/* Begin XCBuildConfiguration section */
		B58FEA0729CBDD2F00B1488A /* Debug */ = {
			isa = XCBuildConfiguration;
			buildSettings = {
				ALWAYS_SEARCH_USER_PATHS = NO;
				CLANG_ANALYZER_NONNULL = YES;
				CLANG_ANALYZER_NUMBER_OBJECT_CONVERSION = YES_AGGRESSIVE;
				CLANG_CXX_LANGUAGE_STANDARD = "gnu++20";
				CLANG_ENABLE_MODULES = YES;
				CLANG_ENABLE_OBJC_ARC = YES;
				CLANG_ENABLE_OBJC_WEAK = YES;
				CLANG_WARN_BLOCK_CAPTURE_AUTORELEASING = YES;
				CLANG_WARN_BOOL_CONVERSION = YES;
				CLANG_WARN_COMMA = YES;
				CLANG_WARN_CONSTANT_CONVERSION = YES;
				CLANG_WARN_DEPRECATED_OBJC_IMPLEMENTATIONS = YES;
				CLANG_WARN_DIRECT_OBJC_ISA_USAGE = YES_ERROR;
				CLANG_WARN_DOCUMENTATION_COMMENTS = YES;
				CLANG_WARN_EMPTY_BODY = YES;
				CLANG_WARN_ENUM_CONVERSION = YES;
				CLANG_WARN_INFINITE_RECURSION = YES;
				CLANG_WARN_INT_CONVERSION = YES;
				CLANG_WARN_NON_LITERAL_NULL_CONVERSION = YES;
				CLANG_WARN_OBJC_IMPLICIT_RETAIN_SELF = YES;
				CLANG_WARN_OBJC_LITERAL_CONVERSION = YES;
				CLANG_WARN_OBJC_ROOT_CLASS = YES_ERROR;
				CLANG_WARN_QUOTED_INCLUDE_IN_FRAMEWORK_HEADER = YES;
				CLANG_WARN_RANGE_LOOP_ANALYSIS = YES;
				CLANG_WARN_STRICT_PROTOTYPES = YES;
				CLANG_WARN_SUSPICIOUS_MOVE = YES;
				CLANG_WARN_UNGUARDED_AVAILABILITY = YES_AGGRESSIVE;
				CLANG_WARN_UNREACHABLE_CODE = YES;
				CLANG_WARN__DUPLICATE_METHOD_MATCH = YES;
				COPY_PHASE_STRIP = NO;
				DEBUG_INFORMATION_FORMAT = dwarf;
				ENABLE_STRICT_OBJC_MSGSEND = YES;
				ENABLE_TESTABILITY = YES;
				GCC_C_LANGUAGE_STANDARD = gnu11;
				GCC_DYNAMIC_NO_PIC = NO;
				GCC_NO_COMMON_BLOCKS = YES;
				GCC_OPTIMIZATION_LEVEL = 0;
				GCC_PREPROCESSOR_DEFINITIONS = (
					"DEBUG=1",
					"$(inherited)",
				);
				GCC_WARN_64_TO_32_BIT_CONVERSION = YES;
				GCC_WARN_ABOUT_RETURN_TYPE = YES_ERROR;
				GCC_WARN_UNDECLARED_SELECTOR = YES;
				GCC_WARN_UNINITIALIZED_AUTOS = YES_AGGRESSIVE;
				GCC_WARN_UNUSED_FUNCTION = YES;
				GCC_WARN_UNUSED_VARIABLE = YES;
				IPHONEOS_DEPLOYMENT_TARGET = 16.2;
				MTL_ENABLE_DEBUG_INFO = INCLUDE_SOURCE;
				MTL_FAST_MATH = YES;
				ONLY_ACTIVE_ARCH = YES;
				SDKROOT = iphoneos;
				SWIFT_ACTIVE_COMPILATION_CONDITIONS = DEBUG;
				SWIFT_OPTIMIZATION_LEVEL = "-Onone";
			};
			name = Debug;
		};
		B58FEA0829CBDD2F00B1488A /* Release */ = {
			isa = XCBuildConfiguration;
			buildSettings = {
				ALWAYS_SEARCH_USER_PATHS = NO;
				CLANG_ANALYZER_NONNULL = YES;
				CLANG_ANALYZER_NUMBER_OBJECT_CONVERSION = YES_AGGRESSIVE;
				CLANG_CXX_LANGUAGE_STANDARD = "gnu++20";
				CLANG_ENABLE_MODULES = YES;
				CLANG_ENABLE_OBJC_ARC = YES;
				CLANG_ENABLE_OBJC_WEAK = YES;
				CLANG_WARN_BLOCK_CAPTURE_AUTORELEASING = YES;
				CLANG_WARN_BOOL_CONVERSION = YES;
				CLANG_WARN_COMMA = YES;
				CLANG_WARN_CONSTANT_CONVERSION = YES;
				CLANG_WARN_DEPRECATED_OBJC_IMPLEMENTATIONS = YES;
				CLANG_WARN_DIRECT_OBJC_ISA_USAGE = YES_ERROR;
				CLANG_WARN_DOCUMENTATION_COMMENTS = YES;
				CLANG_WARN_EMPTY_BODY = YES;
				CLANG_WARN_ENUM_CONVERSION = YES;
				CLANG_WARN_INFINITE_RECURSION = YES;
				CLANG_WARN_INT_CONVERSION = YES;
				CLANG_WARN_NON_LITERAL_NULL_CONVERSION = YES;
				CLANG_WARN_OBJC_IMPLICIT_RETAIN_SELF = YES;
				CLANG_WARN_OBJC_LITERAL_CONVERSION = YES;
				CLANG_WARN_OBJC_ROOT_CLASS = YES_ERROR;
				CLANG_WARN_QUOTED_INCLUDE_IN_FRAMEWORK_HEADER = YES;
				CLANG_WARN_RANGE_LOOP_ANALYSIS = YES;
				CLANG_WARN_STRICT_PROTOTYPES = YES;
				CLANG_WARN_SUSPICIOUS_MOVE = YES;
				CLANG_WARN_UNGUARDED_AVAILABILITY = YES_AGGRESSIVE;
				CLANG_WARN_UNREACHABLE_CODE = YES;
				CLANG_WARN__DUPLICATE_METHOD_MATCH = YES;
				COPY_PHASE_STRIP = NO;
				DEBUG_INFORMATION_FORMAT = "dwarf-with-dsym";
				ENABLE_NS_ASSERTIONS = NO;
				ENABLE_STRICT_OBJC_MSGSEND = YES;
				GCC_C_LANGUAGE_STANDARD = gnu11;
				GCC_NO_COMMON_BLOCKS = YES;
				GCC_WARN_64_TO_32_BIT_CONVERSION = YES;
				GCC_WARN_ABOUT_RETURN_TYPE = YES_ERROR;
				GCC_WARN_UNDECLARED_SELECTOR = YES;
				GCC_WARN_UNINITIALIZED_AUTOS = YES_AGGRESSIVE;
				GCC_WARN_UNUSED_FUNCTION = YES;
				GCC_WARN_UNUSED_VARIABLE = YES;
				IPHONEOS_DEPLOYMENT_TARGET = 16.2;
				MTL_ENABLE_DEBUG_INFO = NO;
				MTL_FAST_MATH = YES;
				SDKROOT = iphoneos;
				SWIFT_COMPILATION_MODE = wholemodule;
				SWIFT_OPTIMIZATION_LEVEL = "-O";
				VALIDATE_PRODUCT = YES;
			};
			name = Release;
		};
		B58FEA0A29CBDD2F00B1488A /* Debug */ = {
			isa = XCBuildConfiguration;
			buildSettings = {
				ASSETCATALOG_COMPILER_APPICON_NAME = AppIcon;
				ASSETCATALOG_COMPILER_GLOBAL_ACCENT_COLOR_NAME = AccentColor;
				CODE_SIGN_STYLE = Automatic;
				CURRENT_PROJECT_VERSION = 1;
				DEVELOPMENT_ASSET_PATHS = "\"WhatsDish/Preview Content\"";
				DEVELOPMENT_TEAM = 39WWX2FY3V;
				ENABLE_PREVIEWS = YES;
				GENERATE_INFOPLIST_FILE = YES;
				INFOPLIST_KEY_UIApplicationSceneManifest_Generation = YES;
				INFOPLIST_KEY_UIApplicationSupportsIndirectInputEvents = YES;
				INFOPLIST_KEY_UILaunchScreen_Generation = YES;
				INFOPLIST_KEY_UISupportedInterfaceOrientations_iPad = "UIInterfaceOrientationPortrait UIInterfaceOrientationPortraitUpsideDown UIInterfaceOrientationLandscapeLeft UIInterfaceOrientationLandscapeRight";
				INFOPLIST_KEY_UISupportedInterfaceOrientations_iPhone = "UIInterfaceOrientationPortrait UIInterfaceOrientationLandscapeLeft UIInterfaceOrientationLandscapeRight";
				LD_RUNPATH_SEARCH_PATHS = (
					"$(inherited)",
					"@executable_path/Frameworks",
				);
				MARKETING_VERSION = 1.0;
				PRODUCT_BUNDLE_IDENTIFIER = k.saitoh0526.WhatsDish;
				PRODUCT_NAME = "$(TARGET_NAME)";
				SWIFT_EMIT_LOC_STRINGS = YES;
				SWIFT_VERSION = 5.0;
				TARGETED_DEVICE_FAMILY = "1,2";
			};
			name = Debug;
		};
		B58FEA0B29CBDD2F00B1488A /* Release */ = {
			isa = XCBuildConfiguration;
			buildSettings = {
				ASSETCATALOG_COMPILER_APPICON_NAME = AppIcon;
				ASSETCATALOG_COMPILER_GLOBAL_ACCENT_COLOR_NAME = AccentColor;
				CODE_SIGN_STYLE = Automatic;
				CURRENT_PROJECT_VERSION = 1;
				DEVELOPMENT_ASSET_PATHS = "\"WhatsDish/Preview Content\"";
				DEVELOPMENT_TEAM = 39WWX2FY3V;
				ENABLE_PREVIEWS = YES;
				GENERATE_INFOPLIST_FILE = YES;
				INFOPLIST_KEY_UIApplicationSceneManifest_Generation = YES;
				INFOPLIST_KEY_UIApplicationSupportsIndirectInputEvents = YES;
				INFOPLIST_KEY_UILaunchScreen_Generation = YES;
				INFOPLIST_KEY_UISupportedInterfaceOrientations_iPad = "UIInterfaceOrientationPortrait UIInterfaceOrientationPortraitUpsideDown UIInterfaceOrientationLandscapeLeft UIInterfaceOrientationLandscapeRight";
				INFOPLIST_KEY_UISupportedInterfaceOrientations_iPhone = "UIInterfaceOrientationPortrait UIInterfaceOrientationLandscapeLeft UIInterfaceOrientationLandscapeRight";
				LD_RUNPATH_SEARCH_PATHS = (
					"$(inherited)",
					"@executable_path/Frameworks",
				);
				MARKETING_VERSION = 1.0;
				PRODUCT_BUNDLE_IDENTIFIER = k.saitoh0526.WhatsDish;
				PRODUCT_NAME = "$(TARGET_NAME)";
				SWIFT_EMIT_LOC_STRINGS = YES;
				SWIFT_VERSION = 5.0;
				TARGETED_DEVICE_FAMILY = "1,2";
			};
			name = Release;
		};
		B58FEA3F29CD725B00B1488A /* Debug */ = {
			isa = XCBuildConfiguration;
			buildSettings = {
				BUNDLE_LOADER = "$(TEST_HOST)";
				CODE_SIGN_STYLE = Automatic;
				CURRENT_PROJECT_VERSION = 1;
				DEVELOPMENT_TEAM = 39WWX2FY3V;
				GENERATE_INFOPLIST_FILE = YES;
				MARKETING_VERSION = 1.0;
				PRODUCT_BUNDLE_IDENTIFIER = k.saitoh0526.WhatsDishTests;
				PRODUCT_NAME = "$(TARGET_NAME)";
				SWIFT_EMIT_LOC_STRINGS = NO;
				SWIFT_VERSION = 5.0;
				TARGETED_DEVICE_FAMILY = "1,2";
				TEST_HOST = "$(BUILT_PRODUCTS_DIR)/WhatsDish.app/$(BUNDLE_EXECUTABLE_FOLDER_PATH)/WhatsDish";
			};
			name = Debug;
		};
		B58FEA4029CD725B00B1488A /* Release */ = {
			isa = XCBuildConfiguration;
			buildSettings = {
				BUNDLE_LOADER = "$(TEST_HOST)";
				CODE_SIGN_STYLE = Automatic;
				CURRENT_PROJECT_VERSION = 1;
				DEVELOPMENT_TEAM = 39WWX2FY3V;
				GENERATE_INFOPLIST_FILE = YES;
				MARKETING_VERSION = 1.0;
				PRODUCT_BUNDLE_IDENTIFIER = k.saitoh0526.WhatsDishTests;
				PRODUCT_NAME = "$(TARGET_NAME)";
				SWIFT_EMIT_LOC_STRINGS = NO;
				SWIFT_VERSION = 5.0;
				TARGETED_DEVICE_FAMILY = "1,2";
				TEST_HOST = "$(BUILT_PRODUCTS_DIR)/WhatsDish.app/$(BUNDLE_EXECUTABLE_FOLDER_PATH)/WhatsDish";
			};
			name = Release;
		};
/* End XCBuildConfiguration section */

/* Begin XCConfigurationList section */
		B58FE9F629CBDD2E00B1488A /* Build configuration list for PBXProject "WhatsDish" */ = {
			isa = XCConfigurationList;
			buildConfigurations = (
				B58FEA0729CBDD2F00B1488A /* Debug */,
				B58FEA0829CBDD2F00B1488A /* Release */,
			);
			defaultConfigurationIsVisible = 0;
			defaultConfigurationName = Release;
		};
		B58FEA0929CBDD2F00B1488A /* Build configuration list for PBXNativeTarget "WhatsDish" */ = {
			isa = XCConfigurationList;
			buildConfigurations = (
				B58FEA0A29CBDD2F00B1488A /* Debug */,
				B58FEA0B29CBDD2F00B1488A /* Release */,
			);
			defaultConfigurationIsVisible = 0;
			defaultConfigurationName = Release;
		};
		B58FEA3E29CD725B00B1488A /* Build configuration list for PBXNativeTarget "WhatsDishTests" */ = {
			isa = XCConfigurationList;
			buildConfigurations = (
				B58FEA3F29CD725B00B1488A /* Debug */,
				B58FEA4029CD725B00B1488A /* Release */,
			);
			defaultConfigurationIsVisible = 0;
			defaultConfigurationName = Release;
		};
/* End XCConfigurationList section */

/* Begin XCVersionGroup section */
		B58FEA1A29CBF1C600B1488A /* WhatsDish.xcdatamodeld */ = {
			isa = XCVersionGroup;
			children = (
				B58FEA1B29CBF1C600B1488A /* Model.xcdatamodel */,
			);
			currentVersion = B58FEA1B29CBF1C600B1488A /* Model.xcdatamodel */;
			path = WhatsDish.xcdatamodeld;
			sourceTree = "<group>";
			versionGroupType = wrapper.xcdatamodel;
		};
/* End XCVersionGroup section */
	};
	rootObject = B58FE9F329CBDD2E00B1488A /* Project object */;
}
